
Microsoft Visual Studio Solution File, Format Version 12.00
# Visual Studio Version 17
VisualStudioVersion = 17.14.36511.14
MinimumVisualStudioVersion = 10.0.40219.1
Project("{FAE04EC0-301F-11D3-BF4B-00C04F79EFBC}") = "EliteCompanyTask.Domain", "EliteCompanyTask.Domain\EliteCompanyTask.Domain.csproj", "{EDC4E099-4683-47AC-9A19-2B677AC9E000}"
EndProject
Project("{FAE04EC0-301F-11D3-BF4B-00C04F79EFBC}") = "EliteTask.Application", "EliteTask.Application\EliteTask.Application.csproj", "{F8BADDDE-A1D1-4EC0-AE67-3053DF61A18B}"
EndProject
Project("{FAE04EC0-301F-11D3-BF4B-00C04F79EFBC}") = "EliteTask.Infrastructure", "EliteTask.Infrastructure\EliteTask.Infrastructure.csproj", "{B0AF3E46-C9BB-412D-8C73-1397E0D1B4D5}"
EndProject
Project("{FAE04EC0-301F-11D3-BF4B-00C04F79EFBC}") = "EliteTask.API", "EliteTask.API\EliteTask.API.csproj", "{79A28515-7653-4A78-B652-9BFF21C5A5F4}"
EndProject
Project("{FAE04EC0-301F-11D3-BF4B-00C04F79EFBC}") = "EliteCompanyTask.Shared", "EliteCompanyTask.Shared\EliteCompanyTask.Shared.csproj", "{B8714351-D9F5-4A0D-897A-B2B792061C1C}"
EndProject
Global
	GlobalSection(SolutionConfigurationPlatforms) = preSolution
		Debug|Any CPU = Debug|Any CPU
		Release|Any CPU = Release|Any CPU
	EndGlobalSection
	GlobalSection(ProjectConfigurationPlatforms) = postSolution
		{EDC4E099-4683-47AC-9A19-2B677AC9E000}.Debug|Any CPU.ActiveCfg = Debug|Any CPU
		{EDC4E099-4683-47AC-9A19-2B677AC9E000}.Debug|Any CPU.Build.0 = Debug|Any CPU
		{EDC4E099-4683-47AC-9A19-2B677AC9E000}.Release|Any CPU.ActiveCfg = Release|Any CPU
		{EDC4E099-4683-47AC-9A19-2B677AC9E000}.Release|Any CPU.Build.0 = Release|Any CPU
		{F8BADDDE-A1D1-4EC0-AE67-3053DF61A18B}.Debug|Any CPU.ActiveCfg = Debug|Any CPU
		{F8BADDDE-A1D1-4EC0-AE67-3053DF61A18B}.Debug|Any CPU.Build.0 = Debug|Any CPU
		{F8BADDDE-A1D1-4EC0-AE67-3053DF61A18B}.Release|Any CPU.ActiveCfg = Release|Any CPU
		{F8BADDDE-A1D1-4EC0-AE67-3053DF61A18B}.Release|Any CPU.Build.0 = Release|Any CPU
		{B0AF3E46-C9BB-412D-8C73-1397E0D1B4D5}.Debug|Any CPU.ActiveCfg = Debug|Any CPU
		{B0AF3E46-C9BB-412D-8C73-1397E0D1B4D5}.Debug|Any CPU.Build.0 = Debug|Any CPU
		{B0AF3E46-C9BB-412D-8C73-1397E0D1B4D5}.Release|Any CPU.ActiveCfg = Release|Any CPU
		{B0AF3E46-C9BB-412D-8C73-1397E0D1B4D5}.Release|Any CPU.Build.0 = Release|Any CPU
		{79A28515-7653-4A78-B652-9BFF21C5A5F4}.Debug|Any CPU.ActiveCfg = Debug|Any CPU
		{79A28515-7653-4A78-B652-9BFF21C5A5F4}.Debug|Any CPU.Build.0 = Debug|Any CPU
		{79A28515-7653-4A78-B652-9BFF21C5A5F4}.Release|Any CPU.ActiveCfg = Release|Any CPU
		{79A28515-7653-4A78-B652-9BFF21C5A5F4}.Release|Any CPU.Build.0 = Release|Any CPU
		{B8714351-D9F5-4A0D-897A-B2B792061C1C}.Debug|Any CPU.ActiveCfg = Debug|Any CPU
		{B8714351-D9F5-4A0D-897A-B2B792061C1C}.Debug|Any CPU.Build.0 = Debug|Any CPU
		{B8714351-D9F5-4A0D-897A-B2B792061C1C}.Release|Any CPU.ActiveCfg = Release|Any CPU
		{B8714351-D9F5-4A0D-897A-B2B792061C1C}.Release|Any CPU.Build.0 = Release|Any CPU
	EndGlobalSection
	GlobalSection(SolutionProperties) = preSolution
		HideSolutionNode = FALSE
	EndGlobalSection
	GlobalSection(ExtensibilityGlobals) = postSolution
		SolutionGuid = {F3AC3BC8-3615-408F-A0C8-482EE6743AC0}
	EndGlobalSection
EndGlobal
